
Microsoft Visual Studio Solution File, Format Version 12.00
# Visual Studio Version 16
VisualStudioVersion = 16.0.29411.108
MinimumVisualStudioVersion = 10.0.40219.1
Project("{9A19103F-16F7-4668-BE54-9A1E7A4F7556}") = "Immanuel.Blazor.TestV1", "Immanuel.Blazor.TestV1\Immanuel.Blazor.TestV1.csproj", "{37875313-5DC5-4C64-B592-55BB912057A5}"
EndProject
Project("{9A19103F-16F7-4668-BE54-9A1E7A4F7556}") = "Clariant.DTable.Validation", "Clariant.DTable.Validation\Clariant.DTable.Validation.csproj", "{91B6C4CF-9557-46FB-A71D-6DFB4D5291AD}"
EndProject
Project("{FAE04EC0-301F-11D3-BF4B-00C04F79EFBC}") = "xUnit.DTable", "xUnit.DTable\xUnit.DTable.csproj", "{E17F57EF-8E8C-4CE8-880A-D7720EF6B5B6}"
EndProject
Global
	GlobalSection(SolutionConfigurationPlatforms) = preSolution
		Debug|Any CPU = Debug|Any CPU
		Release|Any CPU = Release|Any CPU
	EndGlobalSection
	GlobalSection(ProjectConfigurationPlatforms) = postSolution
		{37875313-5DC5-4C64-B592-55BB912057A5}.Debug|Any CPU.ActiveCfg = Debug|Any CPU
		{37875313-5DC5-4C64-B592-55BB912057A5}.Debug|Any CPU.Build.0 = Debug|Any CPU
		{37875313-5DC5-4C64-B592-55BB912057A5}.Release|Any CPU.ActiveCfg = Release|Any CPU
		{37875313-5DC5-4C64-B592-55BB912057A5}.Release|Any CPU.Build.0 = Release|Any CPU
		{91B6C4CF-9557-46FB-A71D-6DFB4D5291AD}.Debug|Any CPU.ActiveCfg = Debug|Any CPU
		{91B6C4CF-9557-46FB-A71D-6DFB4D5291AD}.Debug|Any CPU.Build.0 = Debug|Any CPU
		{91B6C4CF-9557-46FB-A71D-6DFB4D5291AD}.Release|Any CPU.ActiveCfg = Release|Any CPU
		{91B6C4CF-9557-46FB-A71D-6DFB4D5291AD}.Release|Any CPU.Build.0 = Release|Any CPU
		{E17F57EF-8E8C-4CE8-880A-D7720EF6B5B6}.Debug|Any CPU.ActiveCfg = Debug|Any CPU
		{E17F57EF-8E8C-4CE8-880A-D7720EF6B5B6}.Debug|Any CPU.Build.0 = Debug|Any CPU
		{E17F57EF-8E8C-4CE8-880A-D7720EF6B5B6}.Release|Any CPU.ActiveCfg = Release|Any CPU
		{E17F57EF-8E8C-4CE8-880A-D7720EF6B5B6}.Release|Any CPU.Build.0 = Release|Any CPU
	EndGlobalSection
	GlobalSection(SolutionProperties) = preSolution
		HideSolutionNode = FALSE
	EndGlobalSection
	GlobalSection(ExtensibilityGlobals) = postSolution
		SolutionGuid = {CC5805D4-2ACE-4E87-B132-CD4B21E0E030}
	EndGlobalSection
EndGlobal
